
Microsoft Visual Studio Solution File, Format Version 12.00
# Visual Studio Version 17
VisualStudioVersion = 17.14.36109.1 d17.14
MinimumVisualStudioVersion = 10.0.40219.1
Project("{FAE04EC0-301F-11D3-BF4B-00C04F79EFBC}") = "Clancy", "Clancy\Clancy.csproj", "{AF32DCD6-598E-4146-AC2A-6B7B04F99BF7}"
EndProject
Global
	GlobalSection(SolutionConfigurationPlatforms) = preSolution
		Debug|Any CPU = Debug|Any CPU
		Release|Any CPU = Release|Any CPU
	EndGlobalSection
	GlobalSection(ProjectConfigurationPlatforms) = postSolution
		{AF32DCD6-598E-4146-AC2A-6B7B04F99BF7}.Debug|Any CPU.ActiveCfg = Debug|Any CPU
		{AF32DCD6-598E-4146-AC2A-6B7B04F99BF7}.Debug|Any CPU.Build.0 = Debug|Any CPU
		{AF32DCD6-598E-4146-AC2A-6B7B04F99BF7}.Release|Any CPU.ActiveCfg = Release|Any CPU
		{AF32DCD6-598E-4146-AC2A-6B7B04F99BF7}.Release|Any CPU.Build.0 = Release|Any CPU
	EndGlobalSection
	GlobalSection(SolutionProperties) = preSolution
		HideSolutionNode = FALSE
	EndGlobalSection
	GlobalSection(ExtensibilityGlobals) = postSolution
		SolutionGuid = {5F4E4A99-564C-4CCF-95A0-DCEA756B525C}
	EndGlobalSection
EndGlobal
