
Microsoft Visual Studio Solution File, Format Version 12.00
# Visual Studio Version 16
VisualStudioVersion = 16.0.30804.86
MinimumVisualStudioVersion = 10.0.40219.1
Project("{FAE04EC0-301F-11D3-BF4B-00C04F79EFBC}") = "ExtractHeadersFromFasta", "ExtractHeadersFromFasta\ExtractHeadersFromFasta.csproj", "{3F568803-0AC6-4C0E-BFC0-37AC3BB400C3}"
EndProject
Global
	GlobalSection(SolutionConfigurationPlatforms) = preSolution
		Debug|Any CPU = Debug|Any CPU
		Release|Any CPU = Release|Any CPU
	EndGlobalSection
	GlobalSection(ProjectConfigurationPlatforms) = postSolution
		{3F568803-0AC6-4C0E-BFC0-37AC3BB400C3}.Debug|Any CPU.ActiveCfg = Debug|Any CPU
		{3F568803-0AC6-4C0E-BFC0-37AC3BB400C3}.Debug|Any CPU.Build.0 = Debug|Any CPU
		{3F568803-0AC6-4C0E-BFC0-37AC3BB400C3}.Release|Any CPU.ActiveCfg = Release|Any CPU
		{3F568803-0AC6-4C0E-BFC0-37AC3BB400C3}.Release|Any CPU.Build.0 = Release|Any CPU
	EndGlobalSection
	GlobalSection(SolutionProperties) = preSolution
		HideSolutionNode = FALSE
	EndGlobalSection
	GlobalSection(ExtensibilityGlobals) = postSolution
		SolutionGuid = {79B14753-0C51-4A84-97E9-536F7E096B2D}
	EndGlobalSection
EndGlobal
