
Microsoft Visual Studio Solution File, Format Version 12.00
# Visual Studio Version 17
VisualStudioVersion = 17.14.36109.1 d17.14
MinimumVisualStudioVersion = 10.0.40219.1
Project("{FAE04EC0-301F-11D3-BF4B-00C04F79EFBC}") = "Pup", "Pup\Pup.csproj", "{CA5C5F5B-59B9-430D-8A6B-7CB4E3464696}"
EndProject
Global
	GlobalSection(SolutionConfigurationPlatforms) = preSolution
		Debug|Any CPU = Debug|Any CPU
		Release|Any CPU = Release|Any CPU
	EndGlobalSection
	GlobalSection(ProjectConfigurationPlatforms) = postSolution
		{CA5C5F5B-59B9-430D-8A6B-7CB4E3464696}.Debug|Any CPU.ActiveCfg = Debug|Any CPU
		{CA5C5F5B-59B9-430D-8A6B-7CB4E3464696}.Debug|Any CPU.Build.0 = Debug|Any CPU
		{CA5C5F5B-59B9-430D-8A6B-7CB4E3464696}.Release|Any CPU.ActiveCfg = Release|Any CPU
		{CA5C5F5B-59B9-430D-8A6B-7CB4E3464696}.Release|Any CPU.Build.0 = Release|Any CPU
	EndGlobalSection
	GlobalSection(SolutionProperties) = preSolution
		HideSolutionNode = FALSE
	EndGlobalSection
	GlobalSection(ExtensibilityGlobals) = postSolution
		SolutionGuid = {E944FB20-862D-48E9-B1B9-2A8C6B5C745F}
	EndGlobalSection
EndGlobal
