
Microsoft Visual Studio Solution File, Format Version 12.00
# Visual Studio 15
VisualStudioVersion = 15.0.27703.2042
MinimumVisualStudioVersion = 10.0.40219.1
Project("{9A19103F-16F7-4668-BE54-9A1E7A4F7556}") = "Pup", "Pup\Pup.csproj", "{DFE7D990-6401-4138-9FBB-D1B8A1B32826}"
EndProject
Global
	GlobalSection(SolutionConfigurationPlatforms) = preSolution
		Debug|Any CPU = Debug|Any CPU
		Release|Any CPU = Release|Any CPU
	EndGlobalSection
	GlobalSection(ProjectConfigurationPlatforms) = postSolution
		{DFE7D990-6401-4138-9FBB-D1B8A1B32826}.Debug|Any CPU.ActiveCfg = Debug|Any CPU
		{DFE7D990-6401-4138-9FBB-D1B8A1B32826}.Debug|Any CPU.Build.0 = Debug|Any CPU
		{DFE7D990-6401-4138-9FBB-D1B8A1B32826}.Release|Any CPU.ActiveCfg = Release|Any CPU
		{DFE7D990-6401-4138-9FBB-D1B8A1B32826}.Release|Any CPU.Build.0 = Release|Any CPU
	EndGlobalSection
	GlobalSection(SolutionProperties) = preSolution
		HideSolutionNode = FALSE
	EndGlobalSection
	GlobalSection(ExtensibilityGlobals) = postSolution
		SolutionGuid = {60C8DEF1-03FF-4BC0-BED1-ED06DA832F84}
	EndGlobalSection
EndGlobal
