
Microsoft Visual Studio Solution File, Format Version 12.00
# Visual Studio 15
VisualStudioVersion = 15.0.28307.539
MinimumVisualStudioVersion = 10.0.40219.1
Project("{9A19103F-16F7-4668-BE54-9A1E7A4F7556}") = "Kelpie_v2", "Kelpie_v2\Kelpie_v2.csproj", "{30C6BED1-48A1-47AA-A1CE-E7B8BF886F38}"
EndProject
Global
	GlobalSection(SolutionConfigurationPlatforms) = preSolution
		Debug|Any CPU = Debug|Any CPU
		Release|Any CPU = Release|Any CPU
	EndGlobalSection
	GlobalSection(ProjectConfigurationPlatforms) = postSolution
		{30C6BED1-48A1-47AA-A1CE-E7B8BF886F38}.Debug|Any CPU.ActiveCfg = Debug|Any CPU
		{30C6BED1-48A1-47AA-A1CE-E7B8BF886F38}.Debug|Any CPU.Build.0 = Debug|Any CPU
		{30C6BED1-48A1-47AA-A1CE-E7B8BF886F38}.Release|Any CPU.ActiveCfg = Release|Any CPU
		{30C6BED1-48A1-47AA-A1CE-E7B8BF886F38}.Release|Any CPU.Build.0 = Release|Any CPU
	EndGlobalSection
	GlobalSection(SolutionProperties) = preSolution
		HideSolutionNode = FALSE
	EndGlobalSection
	GlobalSection(ExtensibilityGlobals) = postSolution
		SolutionGuid = {33AA7DE8-6091-4A62-BDEF-64FC22793178}
	EndGlobalSection
EndGlobal

